actions:
- pinned: false
  id: checkout
  name: Checkout
  inputs:
  - name: repository
    id: repository
  - name: ref
    id: ref
  - name: token
    id: token
  - name: ssh_key
    id: ssh-key
  - name: ssh_known_hosts
    id: ssh-known-hosts
  - name: ssh_strict
    id: ssh-strict
  - name: ssh_user
    id: ssh-user
  - name: persist_credentials
    id: persist-credentials
  - name: path
    id: path
  - name: clean
    id: clean
  - name: filter
    id: filter
  - name: sparse_checkout
    id: sparse-checkout
  - name: sparse_checkout_cone_mode
    id: sparse-checkout-cone-mode
  - name: fetch_depth
    id: fetch-depth
  - name: fetch_tags
    id: fetch-tags
  - name: show_progress
    id: show-progress
  - name: lfs
    id: lfs
  - name: submodules
    id: submodules
  - name: set_safe_directory
    id: set-safe-directory
  - name: github_server_url
    id: github-server-url
    required: false
  - name: allow_unsafe_pr_checkout
    id: allow-unsafe-pr-checkout
  outputs:
  - ref
  - commit
  owner: actions
  repo: checkout
  path: ''
  resolved-ref: v7
  trusted: true
- pinned: true
  id: pre_commit
  requested-name: Check
  name: Check
  inputs:
  - name: extra_args
    id: extra_args
    required: false
  outputs: []
  owner: pre-commit
  repo: action
  path: ''
  resolved-ref: v3.0.1
  sha: 2c7b3805fd2a0fd8c1884dcaebf91fc102a13ecd
  trusted: false
- pinned: true
  id: setup_uv
  requested-name: Setup uv
  name: Setup uv
  inputs:
  - name: version
    id: version
  - name: version_file
    id: version-file
  - name: python_version
    id: python-version
    required: false
  - name: activate_environment
    id: activate-environment
  - name: venv_path
    id: venv-path
  - name: no_project
    id: no-project
  - name: working_directory
    id: working-directory
  - name: checksum
    id: checksum
    required: false
  - name: github_token
    id: github-token
    required: false
  - name: enable_cache
    id: enable-cache
  - name: cache_dependency_glob
    id: cache-dependency-glob
  - name: restore_cache
    id: restore-cache
  - name: save_cache
    id: save-cache
  - name: cache_suffix
    id: cache-suffix
    required: false
  - name: cache_local_path
    id: cache-local-path
  - name: prune_cache
    id: prune-cache
  - name: cache_python
    id: cache-python
  - name: ignore_nothing_to_cache
    id: ignore-nothing-to-cache
  - name: ignore_empty_workdir
    id: ignore-empty-workdir
  - name: tool_dir
    id: tool-dir
    required: false
  - name: tool_bin_dir
    id: tool-bin-dir
    required: false
  - name: manifest_file
    id: manifest-file
    required: false
  - name: download_from_astral_mirror
    id: download-from-astral-mirror
  - name: add_problem_matchers
    id: add-problem-matchers
  - name: quiet
    id: quiet
  - name: resolution_strategy
    id: resolution-strategy
  outputs:
  - uv-version
  - uv-path
  - uvx-path
  - cache-hit
  - cache-key
  - venv
  - python-version
  - python-cache-hit
  owner: astral-sh
  repo: setup-uv
  path: ''
  resolved-ref: v10.0.1
  sha: 20cfd1bf945f4377ade1205e4dbc17946fc9a30d
  trusted: false
